
Microsoft Visual Studio Solution File, Format Version 12.00
# Visual Studio Version 17
VisualStudioVersion = 17.2.32802.462
MinimumVisualStudioVersion = 10.0.40219.1
Project("{FAE04EC0-301F-11D3-BF4B-00C04F79EFBC}") = "ZH3_CH4CMP", "ZH3_CH4CMP\ZH3_CH4CMP.csproj", "{926527AC-A3FB-4D60-8968-B63AAFDEC178}"
EndProject
Global
	GlobalSection(SolutionConfigurationPlatforms) = preSolution
		Debug|Any CPU = Debug|Any CPU
		Release|Any CPU = Release|Any CPU
	EndGlobalSection
	GlobalSection(ProjectConfigurationPlatforms) = postSolution
		{926527AC-A3FB-4D60-8968-B63AAFDEC178}.Debug|Any CPU.ActiveCfg = Debug|Any CPU
		{926527AC-A3FB-4D60-8968-B63AAFDEC178}.Debug|Any CPU.Build.0 = Debug|Any CPU
		{926527AC-A3FB-4D60-8968-B63AAFDEC178}.Release|Any CPU.ActiveCfg = Release|Any CPU
		{926527AC-A3FB-4D60-8968-B63AAFDEC178}.Release|Any CPU.Build.0 = Release|Any CPU
	EndGlobalSection
	GlobalSection(SolutionProperties) = preSolution
		HideSolutionNode = FALSE
	EndGlobalSection
	GlobalSection(ExtensibilityGlobals) = postSolution
		SolutionGuid = {F9D39B39-D793-4D91-BEC1-60C7F4E07949}
	EndGlobalSection
EndGlobal
